
Microsoft Visual Studio Solution File, Format Version 12.00
# Visual Studio Version 16
VisualStudioVersion = 16.0.31205.134
MinimumVisualStudioVersion = 10.0.40219.1
Project("{FAE04EC0-301F-11D3-BF4B-00C04F79EFBC}") = "AlienSimulator", "AlienSimulator\AlienSimulator.csproj", "{36083600-F15E-470D-BB28-AF933B5F0777}"
EndProject
Global
	GlobalSection(SolutionConfigurationPlatforms) = preSolution
		Debug|Any CPU = Debug|Any CPU
		Debug|x64 = Debug|x64
		Debug|x86 = Debug|x86
		Release|Any CPU = Release|Any CPU
		Release|x64 = Release|x64
		Release|x86 = Release|x86
	EndGlobalSection
	GlobalSection(ProjectConfigurationPlatforms) = postSolution
		{36083600-F15E-470D-BB28-AF933B5F0777}.Debug|Any CPU.ActiveCfg = Debug|Any CPU
		{36083600-F15E-470D-BB28-AF933B5F0777}.Debug|Any CPU.Build.0 = Debug|Any CPU
		{36083600-F15E-470D-BB28-AF933B5F0777}.Debug|x64.ActiveCfg = Debug|x64
		{36083600-F15E-470D-BB28-AF933B5F0777}.Debug|x64.Build.0 = Debug|x64
		{36083600-F15E-470D-BB28-AF933B5F0777}.Debug|x86.ActiveCfg = Debug|x86
		{36083600-F15E-470D-BB28-AF933B5F0777}.Debug|x86.Build.0 = Debug|x86
		{36083600-F15E-470D-BB28-AF933B5F0777}.Release|Any CPU.ActiveCfg = Release|Any CPU
		{36083600-F15E-470D-BB28-AF933B5F0777}.Release|Any CPU.Build.0 = Release|Any CPU
		{36083600-F15E-470D-BB28-AF933B5F0777}.Release|x64.ActiveCfg = Release|x64
		{36083600-F15E-470D-BB28-AF933B5F0777}.Release|x64.Build.0 = Release|x64
		{36083600-F15E-470D-BB28-AF933B5F0777}.Release|x86.ActiveCfg = Release|x86
		{36083600-F15E-470D-BB28-AF933B5F0777}.Release|x86.Build.0 = Release|x86
	EndGlobalSection
	GlobalSection(SolutionProperties) = preSolution
		HideSolutionNode = FALSE
	EndGlobalSection
	GlobalSection(ExtensibilityGlobals) = postSolution
		SolutionGuid = {DAD26C81-163B-4B6E-9DC9-CDDD9FD12BA7}
	EndGlobalSection
EndGlobal
